// !$*UTF8*$!
{
	archiveVersion = 1;
	classes = {
	};
	objectVersion = 51;
	objects = {

/* Begin PBXBuildFile section */
		0F16F39A24C03CBE00EBAEBC /* AppDelegate.swift in Sources */ = {isa = PBXBuildFile; fileRef = 0F16F39924C03CBE00EBAEBC /* AppDelegate.swift */; };
		0F16F39E24C03CBE00EBAEBC /* AuthorizationViewController.swift in Sources */ = {isa = PBXBuildFile; fileRef = 0F16F39D24C03CBE00EBAEBC /* AuthorizationViewController.swift */; };
		0F16F3A324C03CBF00EBAEBC /* Assets.xcassets in Resources */ = {isa = PBXBuildFile; fileRef = 0F16F3A224C03CBF00EBAEBC /* Assets.xcassets */; };
		0F16F3A624C03CBF00EBAEBC /* LaunchScreen.storyboard in Resources */ = {isa = PBXBuildFile; fileRef = 0F16F3A424C03CBF00EBAEBC /* LaunchScreen.storyboard */; };
		0F16F3B024C05DDB00EBAEBC /* UIColor+extensions.swift in Sources */ = {isa = PBXBuildFile; fileRef = 0F16F3AD24C05DDB00EBAEBC /* UIColor+extensions.swift */; };
		0F16F3B124C05DDB00EBAEBC /* Images.swift in Sources */ = {isa = PBXBuildFile; fileRef = 0F16F3AE24C05DDB00EBAEBC /* Images.swift */; };
		0F16F3B224C05DDB00EBAEBC /* Colors.swift in Sources */ = {isa = PBXBuildFile; fileRef = 0F16F3AF24C05DDB00EBAEBC /* Colors.swift */; };
		0F16F3B524C0619B00EBAEBC /* Roboto-Bold.ttf in Resources */ = {isa = PBXBuildFile; fileRef = 0F16F3B424C0619B00EBAEBC /* Roboto-Bold.ttf */; };
		0F16F3B724C064E100EBAEBC /* NewsLineViewController.swift in Sources */ = {isa = PBXBuildFile; fileRef = 0F16F3B624C064E100EBAEBC /* NewsLineViewController.swift */; };
		0F16F3B924C07A5D00EBAEBC /* Device.swift in Sources */ = {isa = PBXBuildFile; fileRef = 0F16F3B824C07A5D00EBAEBC /* Device.swift */; };
		0F16F3BB24C0880B00EBAEBC /* NavigationView.swift in Sources */ = {isa = PBXBuildFile; fileRef = 0F16F3BA24C0880B00EBAEBC /* NavigationView.swift */; };
		0F16F3BD24C099AD00EBAEBC /* ChatViewController.swift in Sources */ = {isa = PBXBuildFile; fileRef = 0F16F3BC24C099AD00EBAEBC /* ChatViewController.swift */; };
		D60D0BA82542C7C17A3B1067 /* Pods_VideoTracker.framework in Frameworks */ = {isa = PBXBuildFile; fileRef = CFBFF63E9D697FC2F0BA01D3 /* Pods_VideoTracker.framework */; };
/* End PBXBuildFile section */

/* Begin PBXFileReference section */
		0F16F39624C03CBE00EBAEBC /* VideoTracker.app */ = {isa = PBXFileReference; explicitFileType = wrapper.application; includeInIndex = 0; path = VideoTracker.app; sourceTree = BUILT_PRODUCTS_DIR; };
		0F16F39924C03CBE00EBAEBC /* AppDelegate.swift */ = {isa = PBXFileReference; lastKnownFileType = sourcecode.swift; path = AppDelegate.swift; sourceTree = "<group>"; };
		0F16F39D24C03CBE00EBAEBC /* AuthorizationViewController.swift */ = {isa = PBXFileReference; lastKnownFileType = sourcecode.swift; path = AuthorizationViewController.swift; sourceTree = "<group>"; };
		0F16F3A224C03CBF00EBAEBC /* Assets.xcassets */ = {isa = PBXFileReference; lastKnownFileType = folder.assetcatalog; path = Assets.xcassets; sourceTree = "<group>"; };
		0F16F3A524C03CBF00EBAEBC /* Base */ = {isa = PBXFileReference; lastKnownFileType = file.storyboard; name = Base; path = Base.lproj/LaunchScreen.storyboard; sourceTree = "<group>"; };
		0F16F3A724C03CBF00EBAEBC /* Info.plist */ = {isa = PBXFileReference; lastKnownFileType = text.plist.xml; path = Info.plist; sourceTree = "<group>"; };
		0F16F3AD24C05DDB00EBAEBC /* UIColor+extensions.swift */ = {isa = PBXFileReference; fileEncoding = 4; lastKnownFileType = sourcecode.swift; path = "UIColor+extensions.swift"; sourceTree = "<group>"; };
		0F16F3AE24C05DDB00EBAEBC /* Images.swift */ = {isa = PBXFileReference; fileEncoding = 4; lastKnownFileType = sourcecode.swift; path = Images.swift; sourceTree = "<group>"; };
		0F16F3AF24C05DDB00EBAEBC /* Colors.swift */ = {isa = PBXFileReference; fileEncoding = 4; lastKnownFileType = sourcecode.swift; path = Colors.swift; sourceTree = "<group>"; };
		0F16F3B424C0619B00EBAEBC /* Roboto-Bold.ttf */ = {isa = PBXFileReference; lastKnownFileType = file; path = "Roboto-Bold.ttf"; sourceTree = "<group>"; };
		0F16F3B624C064E100EBAEBC /* NewsLineViewController.swift */ = {isa = PBXFileReference; lastKnownFileType = sourcecode.swift; path = NewsLineViewController.swift; sourceTree = "<group>"; };
		0F16F3B824C07A5D00EBAEBC /* Device.swift */ = {isa = PBXFileReference; fileEncoding = 4; lastKnownFileType = sourcecode.swift; path = Device.swift; sourceTree = "<group>"; };
		0F16F3BA24C0880B00EBAEBC /* NavigationView.swift */ = {isa = PBXFileReference; fileEncoding = 4; lastKnownFileType = sourcecode.swift; path = NavigationView.swift; sourceTree = "<group>"; };
		0F16F3BC24C099AD00EBAEBC /* ChatViewController.swift */ = {isa = PBXFileReference; lastKnownFileType = sourcecode.swift; path = ChatViewController.swift; sourceTree = "<group>"; };
		32B97A7213B0A52C2FF26E6E /* Pods-VideoTracker.release.xcconfig */ = {isa = PBXFileReference; includeInIndex = 1; lastKnownFileType = text.xcconfig; name = "Pods-VideoTracker.release.xcconfig"; path = "Target Support Files/Pods-VideoTracker/Pods-VideoTracker.release.xcconfig"; sourceTree = "<group>"; };
		CFBFF63E9D697FC2F0BA01D3 /* Pods_VideoTracker.framework */ = {isa = PBXFileReference; explicitFileType = wrapper.framework; includeInIndex = 0; path = Pods_VideoTracker.framework; sourceTree = BUILT_PRODUCTS_DIR; };
		E20C2F75BF6D09979AFE0EC5 /* Pods-VideoTracker.debug.xcconfig */ = {isa = PBXFileReference; includeInIndex = 1; lastKnownFileType = text.xcconfig; name = "Pods-VideoTracker.debug.xcconfig"; path = "Target Support Files/Pods-VideoTracker/Pods-VideoTracker.debug.xcconfig"; sourceTree = "<group>"; };
/* End PBXFileReference section */

/* Begin PBXFrameworksBuildPhase section */
		0F16F39324C03CBE00EBAEBC /* Frameworks */ = {
			isa = PBXFrameworksBuildPhase;
			buildActionMask = 2147483647;
			files = (
				D60D0BA82542C7C17A3B1067 /* Pods_VideoTracker.framework in Frameworks */,
			);
			runOnlyForDeploymentPostprocessing = 0;
		};
/* End PBXFrameworksBuildPhase section */

/* Begin PBXGroup section */
		0F16F38D24C03CBE00EBAEBC = {
			isa = PBXGroup;
			children = (
				0F16F39824C03CBE00EBAEBC /* VideoTracker */,
				0F16F39724C03CBE00EBAEBC /* Products */,
				AC0CA41A4D7F8035B9F0BBEE /* Pods */,
				AF3EEC9410FF5C2718C67F0C /* Frameworks */,
			);
			sourceTree = "<group>";
		};
		0F16F39724C03CBE00EBAEBC /* Products */ = {
			isa = PBXGroup;
			children = (
				0F16F39624C03CBE00EBAEBC /* VideoTracker.app */,
			);
			name = Products;
			sourceTree = "<group>";
		};
		0F16F39824C03CBE00EBAEBC /* VideoTracker */ = {
			isa = PBXGroup;
			children = (
				0F16F39924C03CBE00EBAEBC /* AppDelegate.swift */,
				0F16F3B824C07A5D00EBAEBC /* Device.swift */,
				0F16F3BA24C0880B00EBAEBC /* NavigationView.swift */,
				0F16F39D24C03CBE00EBAEBC /* AuthorizationViewController.swift */,
				0F16F3B624C064E100EBAEBC /* NewsLineViewController.swift */,
				0F16F3BC24C099AD00EBAEBC /* ChatViewController.swift */,
				0F16F3A224C03CBF00EBAEBC /* Assets.xcassets */,
				0F16F3B324C05E4700EBAEBC /* Resources */,
				0F16F3A424C03CBF00EBAEBC /* LaunchScreen.storyboard */,
				0F16F3A724C03CBF00EBAEBC /* Info.plist */,
			);
			path = VideoTracker;
			sourceTree = "<group>";
		};
		0F16F3B324C05E4700EBAEBC /* Resources */ = {
			isa = PBXGroup;
			children = (
				0F16F3B424C0619B00EBAEBC /* Roboto-Bold.ttf */,
				0F16F3AF24C05DDB00EBAEBC /* Colors.swift */,
				0F16F3AE24C05DDB00EBAEBC /* Images.swift */,
				0F16F3AD24C05DDB00EBAEBC /* UIColor+extensions.swift */,
			);
			path = Resources;
			sourceTree = "<group>";
		};
		AC0CA41A4D7F8035B9F0BBEE /* Pods */ = {
			isa = PBXGroup;
			children = (
				E20C2F75BF6D09979AFE0EC5 /* Pods-VideoTracker.debug.xcconfig */,
				32B97A7213B0A52C2FF26E6E /* Pods-VideoTracker.release.xcconfig */,
			);
			path = Pods;
			sourceTree = "<group>";
		};
		AF3EEC9410FF5C2718C67F0C /* Frameworks */ = {
			isa = PBXGroup;
			children = (
				CFBFF63E9D697FC2F0BA01D3 /* Pods_VideoTracker.framework */,
			);
			name = Frameworks;
			sourceTree = "<group>";
		};
/* End PBXGroup section */

/* Begin PBXNativeTarget section */
		0F16F39524C03CBE00EBAEBC /* VideoTracker */ = {
			isa = PBXNativeTarget;
			buildConfigurationList = 0F16F3AA24C03CBF00EBAEBC /* Build configuration list for PBXNativeTarget "VideoTracker" */;
			buildPhases = (
				F51F7CCA53E25A78EDCC6A38 /* [CP] Check Pods Manifest.lock */,
				0F16F39224C03CBE00EBAEBC /* Sources */,
				0F16F39324C03CBE00EBAEBC /* Frameworks */,
				0F16F39424C03CBE00EBAEBC /* Resources */,
				97BCAF183724638D43932091 /* [CP] Embed Pods Frameworks */,
			);
			buildRules = (
			);
			dependencies = (
			);
			name = VideoTracker;
			productName = VideoTracker;
			productReference = 0F16F39624C03CBE00EBAEBC /* VideoTracker.app */;
			productType = "com.apple.product-type.application";
		};
/* End PBXNativeTarget section */

/* Begin PBXProject section */
		0F16F38E24C03CBE00EBAEBC /* Project object */ = {
			isa = PBXProject;
			attributes = {
				LastSwiftUpdateCheck = 1150;
				LastUpgradeCheck = 1150;
				ORGANIZATIONNAME = "Татьяна Севостьянова";
				TargetAttributes = {
					0F16F39524C03CBE00EBAEBC = {
						CreatedOnToolsVersion = 11.5;
					};
				};
			};
			buildConfigurationList = 0F16F39124C03CBE00EBAEBC /* Build configuration list for PBXProject "VideoTracker" */;
			compatibilityVersion = "Xcode 9.3";
			developmentRegion = en;
			hasScannedForEncodings = 0;
			knownRegions = (
				en,
				Base,
			);
			mainGroup = 0F16F38D24C03CBE00EBAEBC;
			productRefGroup = 0F16F39724C03CBE00EBAEBC /* Products */;
			projectDirPath = "";
			projectRoot = "";
			targets = (
				0F16F39524C03CBE00EBAEBC /* VideoTracker */,
			);
		};
/* End PBXProject section */

/* Begin PBXResourcesBuildPhase section */
		0F16F39424C03CBE00EBAEBC /* Resources */ = {
			isa = PBXResourcesBuildPhase;
			buildActionMask = 2147483647;
			files = (
				0F16F3A624C03CBF00EBAEBC /* LaunchScreen.storyboard in Resources */,
				0F16F3A324C03CBF00EBAEBC /* Assets.xcassets in Resources */,
				0F16F3B524C0619B00EBAEBC /* Roboto-Bold.ttf in Resources */,
			);
			runOnlyForDeploymentPostprocessing = 0;
		};
/* End PBXResourcesBuildPhase section */

/* Begin PBXShellScriptBuildPhase section */
		97BCAF183724638D43932091 /* [CP] Embed Pods Frameworks */ = {
			isa = PBXShellScriptBuildPhase;
			buildActionMask = 2147483647;
			files = (
			);
			inputFileListPaths = (
				"${PODS_ROOT}/Target Support Files/Pods-VideoTracker/Pods-VideoTracker-frameworks-${CONFIGURATION}-input-files.xcfilelist",
			);
			name = "[CP] Embed Pods Frameworks";
			outputFileListPaths = (
				"${PODS_ROOT}/Target Support Files/Pods-VideoTracker/Pods-VideoTracker-frameworks-${CONFIGURATION}-output-files.xcfilelist",
			);
			runOnlyForDeploymentPostprocessing = 0;
			shellPath = /bin/sh;
			shellScript = "\"${PODS_ROOT}/Target Support Files/Pods-VideoTracker/Pods-VideoTracker-frameworks.sh\"\n";
			showEnvVarsInLog = 0;
		};
		F51F7CCA53E25A78EDCC6A38 /* [CP] Check Pods Manifest.lock */ = {
			isa = PBXShellScriptBuildPhase;
			buildActionMask = 2147483647;
			files = (
			);
			inputFileListPaths = (
			);
			inputPaths = (
				"${PODS_PODFILE_DIR_PATH}/Podfile.lock",
				"${PODS_ROOT}/Manifest.lock",
			);
			name = "[CP] Check Pods Manifest.lock";
			outputFileListPaths = (
			);
			outputPaths = (
				"$(DERIVED_FILE_DIR)/Pods-VideoTracker-checkManifestLockResult.txt",
			);
			runOnlyForDeploymentPostprocessing = 0;
			shellPath = /bin/sh;
			shellScript = "diff \"${PODS_PODFILE_DIR_PATH}/Podfile.lock\" \"${PODS_ROOT}/Manifest.lock\" > /dev/null\nif [ $? != 0 ] ; then\n    # print error to STDERR\n    echo \"error: The sandbox is not in sync with the Podfile.lock. Run 'pod install' or update your CocoaPods installation.\" >&2\n    exit 1\nfi\n# This output is used by Xcode 'outputs' to avoid re-running this script phase.\necho \"SUCCESS\" > \"${SCRIPT_OUTPUT_FILE_0}\"\n";
			showEnvVarsInLog = 0;
		};
/* End PBXShellScriptBuildPhase section */

/* Begin PBXSourcesBuildPhase section */
		0F16F39224C03CBE00EBAEBC /* Sources */ = {
			isa = PBXSourcesBuildPhase;
			buildActionMask = 2147483647;
			files = (
				0F16F3B724C064E100EBAEBC /* NewsLineViewController.swift in Sources */,
				0F16F39E24C03CBE00EBAEBC /* AuthorizationViewController.swift in Sources */,
				0F16F3BB24C0880B00EBAEBC /* NavigationView.swift in Sources */,
				0F16F3B224C05DDB00EBAEBC /* Colors.swift in Sources */,
				0F16F3B124C05DDB00EBAEBC /* Images.swift in Sources */,
				0F16F39A24C03CBE00EBAEBC /* AppDelegate.swift in Sources */,
				0F16F3B924C07A5D00EBAEBC /* Device.swift in Sources */,
				0F16F3BD24C099AD00EBAEBC /* ChatViewController.swift in Sources */,
				0F16F3B024C05DDB00EBAEBC /* UIColor+extensions.swift in Sources */,
			);
			runOnlyForDeploymentPostprocessing = 0;
		};
/* End PBXSourcesBuildPhase section */

/* Begin PBXVariantGroup section */
		0F16F3A424C03CBF00EBAEBC /* LaunchScreen.storyboard */ = {
			isa = PBXVariantGroup;
			children = (
				0F16F3A524C03CBF00EBAEBC /* Base */,
			);
			name = LaunchScreen.storyboard;
			sourceTree = "<group>";
		};
/* End PBXVariantGroup section */

/* Begin XCBuildConfiguration section */
		0F16F3A824C03CBF00EBAEBC /* Debug */ = {
			isa = XCBuildConfiguration;
			buildSettings = {
				ALWAYS_SEARCH_USER_PATHS = NO;
				CLANG_ANALYZER_NONNULL = YES;
				CLANG_ANALYZER_NUMBER_OBJECT_CONVERSION = YES_AGGRESSIVE;
				CLANG_CXX_LANGUAGE_STANDARD = "gnu++14";
				CLANG_CXX_LIBRARY = "libc++";
				CLANG_ENABLE_MODULES = YES;
				CLANG_ENABLE_OBJC_ARC = YES;
				CLANG_ENABLE_OBJC_WEAK = YES;
				CLANG_WARN_BLOCK_CAPTURE_AUTORELEASING = YES;
				CLANG_WARN_BOOL_CONVERSION = YES;
				CLANG_WARN_COMMA = YES;
				CLANG_WARN_CONSTANT_CONVERSION = YES;
				CLANG_WARN_DEPRECATED_OBJC_IMPLEMENTATIONS = YES;
				CLANG_WARN_DIRECT_OBJC_ISA_USAGE = YES_ERROR;
				CLANG_WARN_DOCUMENTATION_COMMENTS = YES;
				CLANG_WARN_EMPTY_BODY = YES;
				CLANG_WARN_ENUM_CONVERSION = YES;
				CLANG_WARN_INFINITE_RECURSION = YES;
				CLANG_WARN_INT_CONVERSION = YES;
				CLANG_WARN_NON_LITERAL_NULL_CONVERSION = YES;
				CLANG_WARN_OBJC_IMPLICIT_RETAIN_SELF = YES;
				CLANG_WARN_OBJC_LITERAL_CONVERSION = YES;
				CLANG_WARN_OBJC_ROOT_CLASS = YES_ERROR;
				CLANG_WARN_RANGE_LOOP_ANALYSIS = YES;
				CLANG_WARN_STRICT_PROTOTYPES = YES;
				CLANG_WARN_SUSPICIOUS_MOVE = YES;
				CLANG_WARN_UNGUARDED_AVAILABILITY = YES_AGGRESSIVE;
				CLANG_WARN_UNREACHABLE_CODE = YES;
				CLANG_WARN__DUPLICATE_METHOD_MATCH = YES;
				COPY_PHASE_STRIP = NO;
				DEBUG_INFORMATION_FORMAT = dwarf;
				ENABLE_STRICT_OBJC_MSGSEND = YES;
				ENABLE_TESTABILITY = YES;
				GCC_C_LANGUAGE_STANDARD = gnu11;
				GCC_DYNAMIC_NO_PIC = NO;
				GCC_NO_COMMON_BLOCKS = YES;
				GCC_OPTIMIZATION_LEVEL = 0;
				GCC_PREPROCESSOR_DEFINITIONS = (
					"DEBUG=1",
					"$(inherited)",
				);
				GCC_WARN_64_TO_32_BIT_CONVERSION = YES;
				GCC_WARN_ABOUT_RETURN_TYPE = YES_ERROR;
				GCC_WARN_UNDECLARED_SELECTOR = YES;
				GCC_WARN_UNINITIALIZED_AUTOS = YES_AGGRESSIVE;
				GCC_WARN_UNUSED_FUNCTION = YES;
				GCC_WARN_UNUSED_VARIABLE = YES;
				IPHONEOS_DEPLOYMENT_TARGET = 13.5;
				MTL_ENABLE_DEBUG_INFO = INCLUDE_SOURCE;
				MTL_FAST_MATH = YES;
				ONLY_ACTIVE_ARCH = YES;
				SDKROOT = iphoneos;
				SWIFT_ACTIVE_COMPILATION_CONDITIONS = DEBUG;
				SWIFT_OPTIMIZATION_LEVEL = "-Onone";
			};
			name = Debug;
		};
		0F16F3A924C03CBF00EBAEBC /* Release */ = {
			isa = XCBuildConfiguration;
			buildSettings = {
				ALWAYS_SEARCH_USER_PATHS = NO;
				CLANG_ANALYZER_NONNULL = YES;
				CLANG_ANALYZER_NUMBER_OBJECT_CONVERSION = YES_AGGRESSIVE;
				CLANG_CXX_LANGUAGE_STANDARD = "gnu++14";
				CLANG_CXX_LIBRARY = "libc++";
				CLANG_ENABLE_MODULES = YES;
				CLANG_ENABLE_OBJC_ARC = YES;
				CLANG_ENABLE_OBJC_WEAK = YES;
				CLANG_WARN_BLOCK_CAPTURE_AUTORELEASING = YES;
				CLANG_WARN_BOOL_CONVERSION = YES;
				CLANG_WARN_COMMA = YES;
				CLANG_WARN_CONSTANT_CONVERSION = YES;
				CLANG_WARN_DEPRECATED_OBJC_IMPLEMENTATIONS = YES;
				CLANG_WARN_DIRECT_OBJC_ISA_USAGE = YES_ERROR;
				CLANG_WARN_DOCUMENTATION_COMMENTS = YES;
				CLANG_WARN_EMPTY_BODY = YES;
				CLANG_WARN_ENUM_CONVERSION = YES;
				CLANG_WARN_INFINITE_RECURSION = YES;
				CLANG_WARN_INT_CONVERSION = YES;
				CLANG_WARN_NON_LITERAL_NULL_CONVERSION = YES;
				CLANG_WARN_OBJC_IMPLICIT_RETAIN_SELF = YES;
				CLANG_WARN_OBJC_LITERAL_CONVERSION = YES;
				CLANG_WARN_OBJC_ROOT_CLASS = YES_ERROR;
				CLANG_WARN_RANGE_LOOP_ANALYSIS = YES;
				CLANG_WARN_STRICT_PROTOTYPES = YES;
				CLANG_WARN_SUSPICIOUS_MOVE = YES;
				CLANG_WARN_UNGUARDED_AVAILABILITY = YES_AGGRESSIVE;
				CLANG_WARN_UNREACHABLE_CODE = YES;
				CLANG_WARN__DUPLICATE_METHOD_MATCH = YES;
				COPY_PHASE_STRIP = NO;
				DEBUG_INFORMATION_FORMAT = "dwarf-with-dsym";
				ENABLE_NS_ASSERTIONS = NO;
				ENABLE_STRICT_OBJC_MSGSEND = YES;
				GCC_C_LANGUAGE_STANDARD = gnu11;
				GCC_NO_COMMON_BLOCKS = YES;
				GCC_WARN_64_TO_32_BIT_CONVERSION = YES;
				GCC_WARN_ABOUT_RETURN_TYPE = YES_ERROR;
				GCC_WARN_UNDECLARED_SELECTOR = YES;
				GCC_WARN_UNINITIALIZED_AUTOS = YES_AGGRESSIVE;
				GCC_WARN_UNUSED_FUNCTION = YES;
				GCC_WARN_UNUSED_VARIABLE = YES;
				IPHONEOS_DEPLOYMENT_TARGET = 13.5;
				MTL_ENABLE_DEBUG_INFO = NO;
				MTL_FAST_MATH = YES;
				SDKROOT = iphoneos;
				SWIFT_COMPILATION_MODE = wholemodule;
				SWIFT_OPTIMIZATION_LEVEL = "-O";
				VALIDATE_PRODUCT = YES;
			};
			name = Release;
		};
		0F16F3AB24C03CBF00EBAEBC /* Debug */ = {
			isa = XCBuildConfiguration;
			baseConfigurationReference = E20C2F75BF6D09979AFE0EC5 /* Pods-VideoTracker.debug.xcconfig */;
			buildSettings = {
				ASSETCATALOG_COMPILER_APPICON_NAME = AppIcon;
				CODE_SIGN_STYLE = Automatic;
				DEVELOPMENT_TEAM = SB478V62H9;
				INFOPLIST_FILE = VideoTracker/Info.plist;
				LD_RUNPATH_SEARCH_PATHS = (
					"$(inherited)",
					"@executable_path/Frameworks",
				);
				PRODUCT_BUNDLE_IDENTIFIER = ru.adeveloper.VideoTracker;
				PRODUCT_NAME = "$(TARGET_NAME)";
				SWIFT_VERSION = 5.0;
				TARGETED_DEVICE_FAMILY = "1,2";
			};
			name = Debug;
		};
		0F16F3AC24C03CBF00EBAEBC /* Release */ = {
			isa = XCBuildConfiguration;
			baseConfigurationReference = 32B97A7213B0A52C2FF26E6E /* Pods-VideoTracker.release.xcconfig */;
			buildSettings = {
				ASSETCATALOG_COMPILER_APPICON_NAME = AppIcon;
				CODE_SIGN_STYLE = Automatic;
				DEVELOPMENT_TEAM = SB478V62H9;
				INFOPLIST_FILE = VideoTracker/Info.plist;
				LD_RUNPATH_SEARCH_PATHS = (
					"$(inherited)",
					"@executable_path/Frameworks",
				);
				PRODUCT_BUNDLE_IDENTIFIER = ru.adeveloper.VideoTracker;
				PRODUCT_NAME = "$(TARGET_NAME)";
				SWIFT_VERSION = 5.0;
				TARGETED_DEVICE_FAMILY = "1,2";
			};
			name = Release;
		};
/* End XCBuildConfiguration section */

/* Begin XCConfigurationList section */
		0F16F39124C03CBE00EBAEBC /* Build configuration list for PBXProject "VideoTracker" */ = {
			isa = XCConfigurationList;
			buildConfigurations = (
				0F16F3A824C03CBF00EBAEBC /* Debug */,
				0F16F3A924C03CBF00EBAEBC /* Release */,
			);
			defaultConfigurationIsVisible = 0;
			defaultConfigurationName = Release;
		};
		0F16F3AA24C03CBF00EBAEBC /* Build configuration list for PBXNativeTarget "VideoTracker" */ = {
			isa = XCConfigurationList;
			buildConfigurations = (
				0F16F3AB24C03CBF00EBAEBC /* Debug */,
				0F16F3AC24C03CBF00EBAEBC /* Release */,
			);
			defaultConfigurationIsVisible = 0;
			defaultConfigurationName = Release;
		};
/* End XCConfigurationList section */
	};
	rootObject = 0F16F38E24C03CBE00EBAEBC /* Project object */;
}
